dependencies:
  espressif/esp_tinyusb:
    component_hash: 18cfcc83bc28b66f008007843a995a6b78d3293ac7befedc93371605e212a06b
    source:
      service_url: https://api.components.espressif.com/
      type: service
    version: 2.0.0
  espressif/tinyusb:
    component_hash: 63dfbf468a7969844c714917eee452d678cd4ba27ed23b729df94dfa5d0b0a6f
    source:
      service_url: https://api.components.espressif.com/
      type: service
    version: 0.19.0~1
  idf:
    component_hash: null
    source:
      type: idf
    version: 5.3.1
manifest_hash: 17e5da760e18da4e8a27198187a96d2f7f0745b7e8aab0414ab21bb2b45568c6
target: esp32s3
version: 1.0.0
